
Microsoft Visual Studio Solution File, Format Version 12.00
# Visual Studio Version 17
VisualStudioVersion = 17.4.33213.308
MinimumVisualStudioVersion = 10.0.40219.1
Project("{FAE04EC0-301F-11D3-BF4B-00C04F79EFBC}") = "ASP NET template", "ASP NET template\ASP NET template.csproj", "{4054720E-A2F6-4CA4-95DE-208814460019}"
EndProject
Global
	GlobalSection(SolutionConfigurationPlatforms) = preSolution
		Debug|Any CPU = Debug|Any CPU
		Release|Any CPU = Release|Any CPU
	EndGlobalSection
	GlobalSection(ProjectConfigurationPlatforms) = postSolution
		{4054720E-A2F6-4CA4-95DE-208814460019}.Debug|Any CPU.ActiveCfg = Debug|Any CPU
		{4054720E-A2F6-4CA4-95DE-208814460019}.Debug|Any CPU.Build.0 = Debug|Any CPU
		{4054720E-A2F6-4CA4-95DE-208814460019}.Release|Any CPU.ActiveCfg = Release|Any CPU
		{4054720E-A2F6-4CA4-95DE-208814460019}.Release|Any CPU.Build.0 = Release|Any CPU
	EndGlobalSection
	GlobalSection(SolutionProperties) = preSolution
		HideSolutionNode = FALSE
	EndGlobalSection
	GlobalSection(ExtensibilityGlobals) = postSolution
		SolutionGuid = {D1E66B18-23EE-4CFA-886A-6DC3B0F661D9}
	EndGlobalSection
EndGlobal
